
Microsoft Visual Studio Solution File, Format Version 12.00
# Visual Studio Version 17
VisualStudioVersion = 17.9.34714.143
MinimumVisualStudioVersion = 10.0.40219.1
Project("{8BC9CEB8-8B4A-11D0-8D11-00A0C91BC942}") = "ajedrezV0.o", "ajedrezV0.o.vcxproj", "{4B99791F-CE61-4F3A-969B-CF4696E98E75}"
EndProject
Global
	GlobalSection(SolutionConfigurationPlatforms) = preSolution
		Debug|x64 = Debug|x64
		Debug|x86 = Debug|x86
		Release|x64 = Release|x64
		Release|x86 = Release|x86
	EndGlobalSection
	GlobalSection(ProjectConfigurationPlatforms) = postSolution
		{4B99791F-CE61-4F3A-969B-CF4696E98E75}.Debug|x64.ActiveCfg = Debug|x64
		{4B99791F-CE61-4F3A-969B-CF4696E98E75}.Debug|x64.Build.0 = Debug|x64
		{4B99791F-CE61-4F3A-969B-CF4696E98E75}.Debug|x86.ActiveCfg = Debug|Win32
		{4B99791F-CE61-4F3A-969B-CF4696E98E75}.Debug|x86.Build.0 = Debug|Win32
		{4B99791F-CE61-4F3A-969B-CF4696E98E75}.Release|x64.ActiveCfg = Release|x64
		{4B99791F-CE61-4F3A-969B-CF4696E98E75}.Release|x64.Build.0 = Release|x64
		{4B99791F-CE61-4F3A-969B-CF4696E98E75}.Release|x86.ActiveCfg = Release|Win32
		{4B99791F-CE61-4F3A-969B-CF4696E98E75}.Release|x86.Build.0 = Release|Win32
	EndGlobalSection
	GlobalSection(SolutionProperties) = preSolution
		HideSolutionNode = FALSE
	EndGlobalSection
	GlobalSection(ExtensibilityGlobals) = postSolution
		SolutionGuid = {FDF1CBF5-AC33-47D5-AD0D-38537E1D453D}
	EndGlobalSection
EndGlobal
